# This file is automatically @generated by Cargo.
# It is not intended for manual editing.
version = 4

[[package]]
name = "crossbeam-queue"
version = "0.3.14"
source = "registry+https://github.com/rust-lang/crates.io-index"
checksum = "03e8bd762f7479489c70ed6c768ddca99d7296857de437a68dcb2a94365b3fae"
dependencies = [
 "crossbeam-utils",
]

[[package]]
name = "crossbeam-utils"
version = "0.8.23"
source = "registry+https://github.com/rust-lang/crates.io-index"
checksum = "a31eee39dddec8330830986fcd7625edb5a24ec90ea038215273bbc3adb08ac6"

[[package]]
name = "rustjsi-abi"
version = "0.0.0"

[[package]]
name = "rustjsi-backend"
version = "0.0.0"

[[package]]
name = "rustjsi-backend-jsc"
version = "0.0.0"
dependencies = [
 "rustjsi-backend",
 "rustjsi-host",
 "rustjsi-testkit",
]

[[package]]
name = "rustjsi-codegen"
version = "0.0.0"

[[package]]
name = "rustjsi-core"
version = "0.0.0"

[[package]]
name = "rustjsi-embed"
version = "0.0.0"

[[package]]
name = "rustjsi-host"
version = "0.0.0"
dependencies = [
 "rustjsi-backend",
]

[[package]]
name = "rustjsi-ir"
version = "0.0.0"

[[package]]
name = "rustjsi-module"
version = "0.0.0"

[[package]]
name = "rustjsi-runtime"
version = "0.0.0"
dependencies = [
 "crossbeam-queue",
]

[[package]]
name = "rustjsi-testkit"
version = "0.0.0"
dependencies = [
 "rustjsi-backend",
 "rustjsi-host",
]
