# This file is automatically @generated by Cargo.
# It is not intended for manual editing.
version = 4

[[package]]
name = "rustjsi-abi"
version = "0.0.0"

[[package]]
name = "rustjsi-backend"
version = "0.0.0"

[[package]]
name = "rustjsi-backend-jsc"
version = "0.0.0"
dependencies = [
 "rustjsi-backend",
 "rustjsi-host",
 "rustjsi-testkit",
]

[[package]]
name = "rustjsi-codegen"
version = "0.0.0"

[[package]]
name = "rustjsi-core"
version = "0.0.0"

[[package]]
name = "rustjsi-embed"
version = "0.0.0"

[[package]]
name = "rustjsi-host"
version = "0.0.0"

[[package]]
name = "rustjsi-ir"
version = "0.0.0"

[[package]]
name = "rustjsi-module"
version = "0.0.0"

[[package]]
name = "rustjsi-runtime"
version = "0.0.0"

[[package]]
name = "rustjsi-testkit"
version = "0.0.0"
dependencies = [
 "rustjsi-backend",
 "rustjsi-host",
]
